Microsoft Visual Studio Solution File, Format Version 12.00
# Visual Studio Version 17
VisualStudioVersion = 17.5.2.0
MinimumVisualStudioVersion = 10.0.40219.1
Project("{FAE04EC0-301F-11D3-BF4B-00C04F79EFBC}") = "weather-server", "weather-server\weather-server.csproj", "{A9EA58F1-429C-C8C5-E1BE-FAA215B90B7D}"
EndProject
Global
	GlobalSection(SolutionConfigurationPlatforms) = preSolution
		Debug|Any CPU = Debug|Any CPU
		Release|Any CPU = Release|Any CPU
	EndGlobalSection
	GlobalSection(ProjectConfigurationPlatforms) = postSolution
		{A9EA58F1-429C-C8C5-E1BE-FAA215B90B7D}.Debug|Any CPU.ActiveCfg = Debug|Any CPU
		{A9EA58F1-429C-C8C5-E1BE-FAA215B90B7D}.Debug|Any CPU.Build.0 = Debug|Any CPU
		{A9EA58F1-429C-C8C5-E1BE-FAA215B90B7D}.Release|Any CPU.ActiveCfg = Release|Any CPU
		{A9EA58F1-429C-C8C5-E1BE-FAA215B90B7D}.Release|Any CPU.Build.0 = Release|Any CPU
	EndGlobalSection
	GlobalSection(SolutionProperties) = preSolution
		HideSolutionNode = FALSE
	EndGlobalSection
	GlobalSection(ExtensibilityGlobals) = postSolution
		SolutionGuid = {766FBEB8-4ACC-4497-9530-550C64DDD15B}
	EndGlobalSection
EndGlobal
